
Microsoft Visual Studio Solution File, Format Version 12.00
# Visual Studio 15
VisualStudioVersion = 15.0.28307.1778
MinimumVisualStudioVersion = 10.0.40219.1
Project("{FAE04EC0-301F-11D3-BF4B-00C04F79EFBC}") = "API_CSharp", "API_CSharp\API_CSharp.csproj", "{D1DD550C-5D57-4743-BB20-1FEF5E87DB5C}"
EndProject
Project("{FAE04EC0-301F-11D3-BF4B-00C04F79EFBC}") = "Data", "Data\Data.csproj", "{4421AD25-7BCC-47EC-A425-2ACC8BCDA5CE}"
EndProject
Project("{FAE04EC0-301F-11D3-BF4B-00C04F79EFBC}") = "Entity", "Entity\Entity.csproj", "{29A07C1C-722F-466A-80C9-005CB7903BCE}"
EndProject
Project("{FAE04EC0-301F-11D3-BF4B-00C04F79EFBC}") = "Regla", "Regla\Regla.csproj", "{ED9A1790-74A9-49B7-8B36-3B6D31A54D0B}"
EndProject
Global
	GlobalSection(SolutionConfigurationPlatforms) = preSolution
		Debug|Any CPU = Debug|Any CPU
		Release|Any CPU = Release|Any CPU
	EndGlobalSection
	GlobalSection(ProjectConfigurationPlatforms) = postSolution
		{D1DD550C-5D57-4743-BB20-1FEF5E87DB5C}.Debug|Any CPU.ActiveCfg = Debug|Any CPU
		{D1DD550C-5D57-4743-BB20-1FEF5E87DB5C}.Debug|Any CPU.Build.0 = Debug|Any CPU
		{D1DD550C-5D57-4743-BB20-1FEF5E87DB5C}.Release|Any CPU.ActiveCfg = Release|Any CPU
		{D1DD550C-5D57-4743-BB20-1FEF5E87DB5C}.Release|Any CPU.Build.0 = Release|Any CPU
		{4421AD25-7BCC-47EC-A425-2ACC8BCDA5CE}.Debug|Any CPU.ActiveCfg = Debug|Any CPU
		{4421AD25-7BCC-47EC-A425-2ACC8BCDA5CE}.Debug|Any CPU.Build.0 = Debug|Any CPU
		{4421AD25-7BCC-47EC-A425-2ACC8BCDA5CE}.Release|Any CPU.ActiveCfg = Release|Any CPU
		{4421AD25-7BCC-47EC-A425-2ACC8BCDA5CE}.Release|Any CPU.Build.0 = Release|Any CPU
		{29A07C1C-722F-466A-80C9-005CB7903BCE}.Debug|Any CPU.ActiveCfg = Debug|Any CPU
		{29A07C1C-722F-466A-80C9-005CB7903BCE}.Debug|Any CPU.Build.0 = Debug|Any CPU
		{29A07C1C-722F-466A-80C9-005CB7903BCE}.Release|Any CPU.ActiveCfg = Release|Any CPU
		{29A07C1C-722F-466A-80C9-005CB7903BCE}.Release|Any CPU.Build.0 = Release|Any CPU
		{ED9A1790-74A9-49B7-8B36-3B6D31A54D0B}.Debug|Any CPU.ActiveCfg = Debug|Any CPU
		{ED9A1790-74A9-49B7-8B36-3B6D31A54D0B}.Debug|Any CPU.Build.0 = Debug|Any CPU
		{ED9A1790-74A9-49B7-8B36-3B6D31A54D0B}.Release|Any CPU.ActiveCfg = Release|Any CPU
		{ED9A1790-74A9-49B7-8B36-3B6D31A54D0B}.Release|Any CPU.Build.0 = Release|Any CPU
	EndGlobalSection
	GlobalSection(SolutionProperties) = preSolution
		HideSolutionNode = FALSE
	EndGlobalSection
	GlobalSection(ExtensibilityGlobals) = postSolution
		SolutionGuid = {F4A4184E-1A40-42F5-882A-A2B5BED73EE5}
	EndGlobalSection
EndGlobal
